{
  "name": "edubridge_reworked",
  "lockfileVersion": 3,
  "requires": true,
  "packages": {
    "": {
      "dependencies": {
        "alk-life": "^1.0.0"
      }
    },
    "node_modules/alk-life": {
      "version": "1.0.0",
      "resolved": "https://registry.npmjs.org/alk-life/-/alk-life-1.0.0.tgz",
      "integrity": "sha512-I+oc/zq2l/UBbHBzxbEGE4dU44BkLKH3+XceOcmQN4C9JG8Yv8M+knwwBGJSI9SAn9AiVZVkX3cBvKRnO56LOw=="
    }
  }
}
